<?xml version="1.0" encoding="utf-8"?>
<Project ToolsVersion="4.0" xmlns="http://schemas.microsoft.com/developer/msbuild/2003">
  <ItemGroup>
    <ClCompile Include="DeleteCommandTest.cpp" />
    <ClCompile Include="DisplayStub.cpp" />
    <ClCompile Include="HistoryStub.cpp" />
    <ClCompile Include="LogicTest.cpp" />
    <ClCompile Include="ReversibleCommandStub.cpp" />
    <ClCompile Include="stdafx.cpp" />
    <ClCompile Include="ShowCommandTest.cpp" />
    <ClCompile Include="StorageStub.cpp" />
    <ClCompile Include="StubTests.cpp" />
    <ClCompile Include="UndoCommandTest.cpp" />
    <ClCompile Include="LogicShowTest.cpp" />
  </ItemGroup>
  <ItemGroup>
    <ClInclude Include="DisplayStub.h" />
    <ClInclude Include="HistoryStub.h" />
    <ClInclude Include="ReversibleCommandStub.h" />
    <ClInclude Include="stdafx.h" />
    <ClInclude Include="StorageStub.h" />
    <ClInclude Include="targetver.h" />
  </ItemGroup>
</Project>